// !$*UTF8*$!
{
	archiveVersion = 1;
	classes = {
	};
	objectVersion = 46;
	objects = {

/* Begin PBXBuildFile section */
		0603007D18440DE20056979F /* testWords.wdl in Resources */ = {isa = PBXBuildFile; fileRef = 0603007C18440DE20056979F /* testWords.wdl */; };
		06030084184412090056979F /* TRVSMonitor.m in Sources */ = {isa = PBXBuildFile; fileRef = 06030083184412090056979F /* TRVSMonitor.m */; };
		060D2E3218512F1D005E3597 /* UtilityInitializer.m in Sources */ = {isa = PBXBuildFile; fileRef = 060D2E2C18511079005E3597 /* UtilityInitializer.m */; };
		060D2E3518512FD2005E3597 /* TestCaseCommon.m in Sources */ = {isa = PBXBuildFile; fileRef = 060D2E3418512FD2005E3597 /* TestCaseCommon.m */; };
		060D2E3B1851352F005E3597 /* PatternTestsSequential.m in Sources */ = {isa = PBXBuildFile; fileRef = 060D2E3A1851352F005E3597 /* PatternTestsSequential.m */; };
		060D2E3D185135A5005E3597 /* PatternTestsGCDType1.m in Sources */ = {isa = PBXBuildFile; fileRef = 060D2E3C185135A5005E3597 /* PatternTestsGCDType1.m */; };
		06535481184A497A00340BCE /* cube.desc in Resources */ = {isa = PBXBuildFile; fileRef = 06535480184A497A00340BCE /* cube.desc */; };
		06586F4B18526D0600C18997 /* LatticeLineExtractorSmart.m in Sources */ = {isa = PBXBuildFile; fileRef = 06586F4A18526D0600C18997 /* LatticeLineExtractorSmart.m */; };
		06586F4E185291D000C18997 /* WordListBig.wdl in Resources */ = {isa = PBXBuildFile; fileRef = 06586F4C185291B600C18997 /* WordListBig.wdl */; };
		067A9C711837B6AE005D90EF /* MasterViewController.m in Sources */ = {isa = PBXBuildFile; fileRef = 067A9C6F1837B6AE005D90EF /* MasterViewController.m */; };
		067A9C721837B6AE005D90EF /* MasterViewController.xib in Resources */ = {isa = PBXBuildFile; fileRef = 067A9C701837B6AE005D90EF /* MasterViewController.xib */; };
		067A9C751838165A005D90EF /* PatternMatcherAsynchronous.m in Sources */ = {isa = PBXBuildFile; fileRef = 067A9C741838165A005D90EF /* PatternMatcherAsynchronous.m */; };
		067A9C7A18382030005D90EF /* PatternMatcherGCD2.m in Sources */ = {isa = PBXBuildFile; fileRef = 067A9C7918382030005D90EF /* PatternMatcherGCD2.m */; };
		067A9CA018384002005D90EF /* libExpecta.a in Frameworks */ = {isa = PBXBuildFile; fileRef = 067A9C9D18384002005D90EF /* libExpecta.a */; };
		068A86DD182D6E0D003E03C5 /* CSMatrixFramework.framework in CopyFiles */ = {isa = PBXBuildFile; fileRef = 06E0F2B5182CEF3100227AC2 /* CSMatrixFramework.framework */; };
		068A86E0182D6F77003E03C5 /* LatticeLineExtractor.m in Sources */ = {isa = PBXBuildFile; fileRef = 068A86DF182D6F77003E03C5 /* LatticeLineExtractor.m */; };
		068B791F183D6E7200557CB5 /* AlgoTests.m in Sources */ = {isa = PBXBuildFile; fileRef = 068B791C183D6E7200557CB5 /* AlgoTests.m */; };
		068B7920183D6E7200557CB5 /* CocoaGCDTestsTests.m in Sources */ = {isa = PBXBuildFile; fileRef = 068B791D183D6E7200557CB5 /* CocoaGCDTestsTests.m */; };
		068B7921183D6E7200557CB5 /* PatternTests.m in Sources */ = {isa = PBXBuildFile; fileRef = 068B791E183D6E7200557CB5 /* PatternTests.m */; };
		068B792A183D954F00557CB5 /* wordlist.wdl in Resources */ = {isa = PBXBuildFile; fileRef = 068B7929183D954F00557CB5 /* wordlist.wdl */; };
		0690D94D18280FD1000E8165 /* PatternMatcherBase.m in Sources */ = {isa = PBXBuildFile; fileRef = 0690D94C18280FD1000E8165 /* PatternMatcherBase.m */; };
		0690D95C18283608000E8165 /* DDAbstractDatabaseLogger.m in Sources */ = {isa = PBXBuildFile; fileRef = 0690D95318283608000E8165 /* DDAbstractDatabaseLogger.m */; };
		0690D95E18283608000E8165 /* DDASLLogger.m in Sources */ = {isa = PBXBuildFile; fileRef = 0690D95518283608000E8165 /* DDASLLogger.m */; };
		0690D96018283608000E8165 /* DDFileLogger.m in Sources */ = {isa = PBXBuildFile; fileRef = 0690D95718283608000E8165 /* DDFileLogger.m */; };
		0690D96218283608000E8165 /* DDLog.m in Sources */ = {isa = PBXBuildFile; fileRef = 0690D95918283608000E8165 /* DDLog.m */; };
		0690D96418283608000E8165 /* DDTTYLogger.m in Sources */ = {isa = PBXBuildFile; fileRef = 0690D95B18283608000E8165 /* DDTTYLogger.m */; };
		069910141821C3FE00290809 /* Cocoa.framework in Frameworks */ = {isa = PBXBuildFile; fileRef = 069910131821C3FE00290809 /* Cocoa.framework */; };
		0699101E1821C3FE00290809 /* InfoPlist.strings in Resources */ = {isa = PBXBuildFile; fileRef = 0699101C1821C3FE00290809 /* InfoPlist.strings */; };
		069910201821C3FE00290809 /* main.m in Sources */ = {isa = PBXBuildFile; fileRef = 0699101F1821C3FE00290809 /* main.m */; };
		069910241821C3FE00290809 /* Credits.rtf in Resources */ = {isa = PBXBuildFile; fileRef = 069910221821C3FE00290809 /* Credits.rtf */; };
		069910271821C3FE00290809 /* AppDelegate.m in Sources */ = {isa = PBXBuildFile; fileRef = 069910261821C3FE00290809 /* AppDelegate.m */; };
		0699102A1821C3FE00290809 /* MainMenu.xib in Resources */ = {isa = PBXBuildFile; fileRef = 069910281821C3FE00290809 /* MainMenu.xib */; };
		0699102C1821C3FE00290809 /* Images.xcassets in Resources */ = {isa = PBXBuildFile; fileRef = 0699102B1821C3FE00290809 /* Images.xcassets */; };
		0699104B1821C41000290809 /* PatternMatcherSequential.m in Sources */ = {isa = PBXBuildFile; fileRef = 069910481821C41000290809 /* PatternMatcherSequential.m */; };
		06A9AAC4182AA3590066EE5B /* PatternMatcherGCD.m in Sources */ = {isa = PBXBuildFile; fileRef = 06A9AAC3182AA3590066EE5B /* PatternMatcherGCD.m */; };
		06A9AACA182AC8810066EE5B /* Util.m in Sources */ = {isa = PBXBuildFile; fileRef = 06A9AAC9182AC8810066EE5B /* Util.m */; };
		06BECBF4185768B0006E5A50 /* TestCaseMatcherCommon.m in Sources */ = {isa = PBXBuildFile; fileRef = 06BECBF3185768B0006E5A50 /* TestCaseMatcherCommon.m */; };
		06D5DFB51835878800A7D320 /* CSMatrixFramework.framework in Frameworks */ = {isa = PBXBuildFile; fileRef = 06E0F2B5182CEF3100227AC2 /* CSMatrixFramework.framework */; };
		06D5DFBB183588DE00A7D320 /* XCTest.framework in Frameworks */ = {isa = PBXBuildFile; fileRef = 069910321821C3FE00290809 /* XCTest.framework */; };
		06D5DFC1183588DE00A7D320 /* InfoPlist.strings in Resources */ = {isa = PBXBuildFile; fileRef = 06D5DFBF183588DE00A7D320 /* InfoPlist.strings */; };
		06D5DFC3183588DE00A7D320 /* PatternTestsGCDType2.m in Sources */ = {isa = PBXBuildFile; fileRef = 06D5DFC2183588DE00A7D320 /* PatternTestsGCDType2.m */; };
		06D5DFCD1835891700A7D320 /* CSMatrixFramework.framework in Frameworks */ = {isa = PBXBuildFile; fileRef = 06E0F2B5182CEF3100227AC2 /* CSMatrixFramework.framework */; };
		06D5DFD018358F7200A7D320 /* CSAdditions.m in Sources */ = {isa = PBXBuildFile; fileRef = 06D5DFCF18358F7200A7D320 /* CSAdditions.m */; };
		06D5DFD118358F7200A7D320 /* CSAdditions.m in Sources */ = {isa = PBXBuildFile; fileRef = 06D5DFCF18358F7200A7D320 /* CSAdditions.m */; };
/* End PBXBuildFile section */

/* Begin PBXContainerItemProxy section */
		06D5DFB31835878100A7D320 /* PBXContainerItemProxy */ = {
			isa = PBXContainerItemProxy;
			containerPortal = 06E0F2AC182CEF3100227AC2 /* LatticeCreator.xcodeproj */;
			proxyType = 1;
			remoteGlobalIDString = 0682C44F182704D500F6D5F4;
			remoteInfo = CSMatrixFramework;
		};
		06D5DFC5183588DE00A7D320 /* PBXContainerItemProxy */ = {
			isa = PBXContainerItemProxy;
			containerPortal = 069910081821C3FE00290809 /* Project object */;
			proxyType = 1;
			remoteGlobalIDString = 0699100F1821C3FE00290809;
			remoteInfo = CocoaGCD;
		};
		06E0F2B2182CEF3100227AC2 /* PBXContainerItemProxy */ = {
			isa = PBXContainerItemProxy;
			containerPortal = 06E0F2AC182CEF3100227AC2 /* LatticeCreator.xcodeproj */;
			proxyType = 2;
			remoteGlobalIDString = 0682C434182703F200F6D5F4;
			remoteInfo = LatticeCreator;
		};
		06E0F2B4182CEF3100227AC2 /* PBXContainerItemProxy */ = {
			isa = PBXContainerItemProxy;
			containerPortal = 06E0F2AC182CEF3100227AC2 /* LatticeCreator.xcodeproj */;
			proxyType = 2;
			remoteGlobalIDString = 0682C450182704D500F6D5F4;
			remoteInfo = CSMatrixFramework;
		};
		06E0F2B6182CEF3100227AC2 /* PBXContainerItemProxy */ = {
			isa = PBXContainerItemProxy;
			containerPortal = 06E0F2AC182CEF3100227AC2 /* LatticeCreator.xcodeproj */;
			proxyType = 2;
			remoteGlobalIDString = 0682C465182704D500F6D5F4;
			remoteInfo = CSMatrixFrameworkTests;
		};
/* End PBXContainerItemProxy section */

/* Begin PBXCopyFilesBuildPhase section */
		0682C49C182707EF00F6D5F4 /* CopyFiles */ = {
			isa = PBXCopyFilesBuildPhase;
			buildActionMask = 2147483647;
			dstPath = "";
			dstSubfolderSpec = 10;
			files = (
				068A86DD182D6E0D003E03C5 /* CSMatrixFramework.framework in CopyFiles */,
			);
			runOnlyForDeploymentPostprocessing = 0;
		};
		068B792B183D961100557CB5 /* CopyFiles */ = {
			isa = PBXCopyFilesBuildPhase;
			buildActionMask = 2147483647;
			dstPath = "";
			dstSubfolderSpec = 7;
			files = (
			);
			runOnlyForDeploymentPostprocessing = 0;
		};
/* End PBXCopyFilesBuildPhase section */

/* Begin PBXFileReference section */
		0603007C18440DE20056979F /* testWords.wdl */ = {isa = PBXFileReference; fileEncoding = 4; lastKnownFileType = text; path = testWords.wdl; sourceTree = "<group>"; };
		06030082184412090056979F /* TRVSMonitor.h */ = {isa = PBXFileReference; fileEncoding = 4; lastKnownFileType = sourcecode.c.h; name = TRVSMonitor.h; path = ../../Common/TRVS/TRVSMonitor.h; sourceTree = "<group>"; };
		06030083184412090056979F /* TRVSMonitor.m */ = {isa = PBXFileReference; fileEncoding = 4; lastKnownFileType = sourcecode.c.objc; name = TRVSMonitor.m; path = ../../Common/TRVS/TRVSMonitor.m; sourceTree = "<group>"; };
		060D2E2B18511079005E3597 /* UtilityInitializer.h */ = {isa = PBXFileReference; fileEncoding = 4; lastKnownFileType = sourcecode.c.h; name = UtilityInitializer.h; path = ../GCDRunTesting/UtilityInitializer.h; sourceTree = "<group>"; };
		060D2E2C18511079005E3597 /* UtilityInitializer.m */ = {isa = PBXFileReference; fileEncoding = 4; lastKnownFileType = sourcecode.c.objc; name = UtilityInitializer.m; path = ../GCDRunTesting/UtilityInitializer.m; sourceTree = "<group>"; };
		060D2E3318512FD2005E3597 /* TestCaseCommon.h */ = {isa = PBXFileReference; fileEncoding = 4; lastKnownFileType = sourcecode.c.h; path = TestCaseCommon.h; sourceTree = "<group>"; };
		060D2E3418512FD2005E3597 /* TestCaseCommon.m */ = {isa = PBXFileReference; fileEncoding = 4; lastKnownFileType = sourcecode.c.objc; path = TestCaseCommon.m; sourceTree = "<group>"; };
		060D2E3A1851352F005E3597 /* PatternTestsSequential.m */ = {isa = PBXFileReference; fileEncoding = 4; lastKnownFileType = sourcecode.c.objc; path = PatternTestsSequential.m; sourceTree = "<group>"; };
		060D2E3C185135A5005E3597 /* PatternTestsGCDType1.m */ = {isa = PBXFileReference; fileEncoding = 4; lastKnownFileType = sourcecode.c.objc; path = PatternTestsGCDType1.m; sourceTree = "<group>"; };
		06535480184A497A00340BCE /* cube.desc */ = {isa = PBXFileReference; fileEncoding = 4; lastKnownFileType = text; path = cube.desc; sourceTree = "<group>"; };
		06586F461852694200C18997 /* LatticeLineExtractorProtocol.h */ = {isa = PBXFileReference; fileEncoding = 4; lastKnownFileType = sourcecode.c.h; path = LatticeLineExtractorProtocol.h; sourceTree = "<group>"; };
		06586F4918526D0600C18997 /* LatticeLineExtractorSmart.h */ = {isa = PBXFileReference; fileEncoding = 4; lastKnownFileType = sourcecode.c.h; path = LatticeLineExtractorSmart.h; sourceTree = "<group>"; };
		06586F4A18526D0600C18997 /* LatticeLineExtractorSmart.m */ = {isa = PBXFileReference; fileEncoding = 4; lastKnownFileType = sourcecode.c.objc; path = LatticeLineExtractorSmart.m; sourceTree = "<group>"; };
		06586F4C185291B600C18997 /* WordListBig.wdl */ = {isa = PBXFileReference; fileEncoding = 4; lastKnownFileType = text; path = WordListBig.wdl; sourceTree = "<group>"; };
		067A9C6E1837B6AE005D90EF /* MasterViewController.h */ = {isa = PBXFileReference; fileEncoding = 4; lastKnownFileType = sourcecode.c.h; path = MasterViewController.h; sourceTree = "<group>"; };
		067A9C6F1837B6AE005D90EF /* MasterViewController.m */ = {isa = PBXFileReference; fileEncoding = 4; lastKnownFileType = sourcecode.c.objc; path = MasterViewController.m; sourceTree = "<group>"; };
		067A9C701837B6AE005D90EF /* MasterViewController.xib */ = {isa = PBXFileReference; fileEncoding = 4; lastKnownFileType = file.xib; path = MasterViewController.xib; sourceTree = "<group>"; };
		067A9C731838165A005D90EF /* PatternMatcherAsynchronous.h */ = {isa = PBXFileReference; fileEncoding = 4; lastKnownFileType = sourcecode.c.h; path = PatternMatcherAsynchronous.h; sourceTree = "<group>"; };
		067A9C741838165A005D90EF /* PatternMatcherAsynchronous.m */ = {isa = PBXFileReference; fileEncoding = 4; lastKnownFileType = sourcecode.c.objc; path = PatternMatcherAsynchronous.m; sourceTree = "<group>"; };
		067A9C7818382030005D90EF /* PatternMatcherGCD2.h */ = {isa = PBXFileReference; fileEncoding = 4; lastKnownFileType = sourcecode.c.h; path = PatternMatcherGCD2.h; sourceTree = "<group>"; };
		067A9C7918382030005D90EF /* PatternMatcherGCD2.m */ = {isa = PBXFileReference; fileEncoding = 4; lastKnownFileType = sourcecode.c.objc; path = PatternMatcherGCD2.m; sourceTree = "<group>"; };
		067A9C7C18384002005D90EF /* EXPBackwardCompatibility.h */ = {isa = PBXFileReference; fileEncoding = 4; lastKnownFileType = sourcecode.c.h; name = EXPBackwardCompatibility.h; path = ../Common/Expecta/EXPBackwardCompatibility.h; sourceTree = SOURCE_ROOT; };
		067A9C7D18384002005D90EF /* EXPBlockDefinedMatcher.h */ = {isa = PBXFileReference; fileEncoding = 4; lastKnownFileType = sourcecode.c.h; name = EXPBlockDefinedMatcher.h; path = ../Common/Expecta/EXPBlockDefinedMatcher.h; sourceTree = SOURCE_ROOT; };
		067A9C7E18384002005D90EF /* EXPDefines.h */ = {isa = PBXFileReference; fileEncoding = 4; lastKnownFileType = sourcecode.c.h; name = EXPDefines.h; path = ../Common/Expecta/EXPDefines.h; sourceTree = SOURCE_ROOT; };
		067A9C7F18384002005D90EF /* EXPDoubleTuple.h */ = {isa = PBXFileReference; fileEncoding = 4; lastKnownFileType = sourcecode.c.h; name = EXPDoubleTuple.h; path = ../Common/Expecta/EXPDoubleTuple.h; sourceTree = SOURCE_ROOT; };
		067A9C8018384002005D90EF /* Expecta.h */ = {isa = PBXFileReference; fileEncoding = 4; lastKnownFileType = sourcecode.c.h; name = Expecta.h; path = ../Common/Expecta/Expecta.h; sourceTree = SOURCE_ROOT; };
		067A9C8118384002005D90EF /* ExpectaSupport.h */ = {isa = PBXFileReference; fileEncoding = 4; lastKnownFileType = sourcecode.c.h; name = ExpectaSupport.h; path = ../Common/Expecta/ExpectaSupport.h; sourceTree = SOURCE_ROOT; };
		067A9C8218384002005D90EF /* EXPExpect.h */ = {isa = PBXFileReference; fileEncoding = 4; lastKnownFileType = sourcecode.c.h; name = EXPExpect.h; path = ../Common/Expecta/EXPExpect.h; sourceTree = SOURCE_ROOT; };
		067A9C8318384002005D90EF /* EXPFloatTuple.h */ = {isa = PBXFileReference; fileEncoding = 4; lastKnownFileType = sourcecode.c.h; name = EXPFloatTuple.h; path = ../Common/Expecta/EXPFloatTuple.h; sourceTree = SOURCE_ROOT; };
		067A9C8418384002005D90EF /* EXPMatcher.h */ = {isa = PBXFileReference; fileEncoding = 4; lastKnownFileType = sourcecode.c.h; name = EXPMatcher.h; path = ../Common/Expecta/EXPMatcher.h; sourceTree = SOURCE_ROOT; };
		067A9C8518384002005D90EF /* EXPMatcherHelpers.h */ = {isa = PBXFileReference; fileEncoding = 4; lastKnownFileType = sourcecode.c.h; name = EXPMatcherHelpers.h; path = ../Common/Expecta/EXPMatcherHelpers.h; sourceTree = SOURCE_ROOT; };
		067A9C8618384002005D90EF /* EXPMatchers.h */ = {isa = PBXFileReference; fileEncoding = 4; lastKnownFileType = sourcecode.c.h; name = EXPMatchers.h; path = ../Common/Expecta/EXPMatchers.h; sourceTree = SOURCE_ROOT; };
		067A9C8718384002005D90EF /* EXPMatchers+beCloseTo.h */ = {isa = PBXFileReference; fileEncoding = 4; lastKnownFileType = sourcecode.c.h; name = "EXPMatchers+beCloseTo.h"; path = "../Common/Expecta/EXPMatchers+beCloseTo.h"; sourceTree = SOURCE_ROOT; };
		067A9C8818384002005D90EF /* EXPMatchers+beFalsy.h */ = {isa = PBXFileReference; fileEncoding = 4; lastKnownFileType = sourcecode.c.h; name = "EXPMatchers+beFalsy.h"; path = "../Common/Expecta/EXPMatchers+beFalsy.h"; sourceTree = SOURCE_ROOT; };
		067A9C8918384002005D90EF /* EXPMatchers+beGreaterThan.h */ = {isa = PBXFileReference; fileEncoding = 4; lastKnownFileType = sourcecode.c.h; name = "EXPMatchers+beGreaterThan.h"; path = "../Common/Expecta/EXPMatchers+beGreaterThan.h"; sourceTree = SOURCE_ROOT; };
		067A9C8A18384002005D90EF /* EXPMatchers+beGreaterThanOrEqualTo.h */ = {isa = PBXFileReference; fileEncoding = 4; lastKnownFileType = sourcecode.c.h; name = "EXPMatchers+beGreaterThanOrEqualTo.h"; path = "../Common/Expecta/EXPMatchers+beGreaterThanOrEqualTo.h"; sourceTree = SOURCE_ROOT; };
		067A9C8B18384002005D90EF /* EXPMatchers+beIdenticalTo.h */ = {isa = PBXFileReference; fileEncoding = 4; lastKnownFileType = sourcecode.c.h; name = "EXPMatchers+beIdenticalTo.h"; path = "../Common/Expecta/EXPMatchers+beIdenticalTo.h"; sourceTree = SOURCE_ROOT; };
		067A9C8C18384002005D90EF /* EXPMatchers+beInstanceOf.h */ = {isa = PBXFileReference; fileEncoding = 4; lastKnownFileType = sourcecode.c.h; name = "EXPMatchers+beInstanceOf.h"; path = "../Common/Expecta/EXPMatchers+beInstanceOf.h"; sourceTree = SOURCE_ROOT; };
		067A9C8D18384002005D90EF /* EXPMatchers+beInTheRangeOf.h */ = {isa = PBXFileReference; fileEncoding = 4; lastKnownFileType = sourcecode.c.h; name = "EXPMatchers+beInTheRangeOf.h"; path = "../Common/Expecta/EXPMatchers+beInTheRangeOf.h"; sourceTree = SOURCE_ROOT; };
		067A9C8E18384002005D90EF /* EXPMatchers+beKindOf.h */ = {isa = PBXFileReference; fileEncoding = 4; lastKnownFileType = sourcecode.c.h; name = "EXPMatchers+beKindOf.h"; path = "../Common/Expecta/EXPMatchers+beKindOf.h"; sourceTree = SOURCE_ROOT; };
		067A9C8F18384002005D90EF /* EXPMatchers+beLessThan.h */ = {isa = PBXFileReference; fileEncoding = 4; lastKnownFileType = sourcecode.c.h; name = "EXPMatchers+beLessThan.h"; path = "../Common/Expecta/EXPMatchers+beLessThan.h"; sourceTree = SOURCE_ROOT; };
		067A9C9018384002005D90EF /* EXPMatchers+beLessThanOrEqualTo.h */ = {isa = PBXFileReference; fileEncoding = 4; lastKnownFileType = sourcecode.c.h; name = "EXPMatchers+beLessThanOrEqualTo.h"; path = "../Common/Expecta/EXPMatchers+beLessThanOrEqualTo.h"; sourceTree = SOURCE_ROOT; };
		067A9C9118384002005D90EF /* EXPMatchers+beNil.h */ = {isa = PBXFileReference; fileEncoding = 4; lastKnownFileType = sourcecode.c.h; name = "EXPMatchers+beNil.h"; path = "../Common/Expecta/EXPMatchers+beNil.h"; sourceTree = SOURCE_ROOT; };
		067A9C9218384002005D90EF /* EXPMatchers+beSubclassOf.h */ = {isa = PBXFileReference; fileEncoding = 4; lastKnownFileType = sourcecode.c.h; name = "EXPMatchers+beSubclassOf.h"; path = "../Common/Expecta/EXPMatchers+beSubclassOf.h"; sourceTree = SOURCE_ROOT; };
		067A9C9318384002005D90EF /* EXPMatchers+beSupersetOf.h */ = {isa = PBXFileReference; fileEncoding = 4; lastKnownFileType = sourcecode.c.h; name = "EXPMatchers+beSupersetOf.h"; path = "../Common/Expecta/EXPMatchers+beSupersetOf.h"; sourceTree = SOURCE_ROOT; };
		067A9C9418384002005D90EF /* EXPMatchers+beTruthy.h */ = {isa = PBXFileReference; fileEncoding = 4; lastKnownFileType = sourcecode.c.h; name = "EXPMatchers+beTruthy.h"; path = "../Common/Expecta/EXPMatchers+beTruthy.h"; sourceTree = SOURCE_ROOT; };
		067A9C9518384002005D90EF /* EXPMatchers+conformTo.h */ = {isa = PBXFileReference; fileEncoding = 4; lastKnownFileType = sourcecode.c.h; name = "EXPMatchers+conformTo.h"; path = "../Common/Expecta/EXPMatchers+conformTo.h"; sourceTree = SOURCE_ROOT; };
		067A9C9618384002005D90EF /* EXPMatchers+contain.h */ = {isa = PBXFileReference; fileEncoding = 4; lastKnownFileType = sourcecode.c.h; name = "EXPMatchers+contain.h"; path = "../Common/Expecta/EXPMatchers+contain.h"; sourceTree = SOURCE_ROOT; };
		067A9C9718384002005D90EF /* EXPMatchers+equal.h */ = {isa = PBXFileReference; fileEncoding = 4; lastKnownFileType = sourcecode.c.h; name = "EXPMatchers+equal.h"; path = "../Common/Expecta/EXPMatchers+equal.h"; sourceTree = SOURCE_ROOT; };
		067A9C9818384002005D90EF /* EXPMatchers+haveCountOf.h */ = {isa = PBXFileReference; fileEncoding = 4; lastKnownFileType = sourcecode.c.h; name = "EXPMatchers+haveCountOf.h"; path = "../Common/Expecta/EXPMatchers+haveCountOf.h"; sourceTree = SOURCE_ROOT; };
		067A9C9918384002005D90EF /* EXPMatchers+raise.h */ = {isa = PBXFileReference; fileEncoding = 4; lastKnownFileType = sourcecode.c.h; name = "EXPMatchers+raise.h"; path = "../Common/Expecta/EXPMatchers+raise.h"; sourceTree = SOURCE_ROOT; };
		067A9C9A18384002005D90EF /* EXPMatchers+raiseWithReason.h */ = {isa = PBXFileReference; fileEncoding = 4; lastKnownFileType = sourcecode.c.h; name = "EXPMatchers+raiseWithReason.h"; path = "../Common/Expecta/EXPMatchers+raiseWithReason.h"; sourceTree = SOURCE_ROOT; };
		067A9C9B18384002005D90EF /* EXPMatchers+respondTo.h */ = {isa = PBXFileReference; fileEncoding = 4; lastKnownFileType = sourcecode.c.h; name = "EXPMatchers+respondTo.h"; path = "../Common/Expecta/EXPMatchers+respondTo.h"; sourceTree = SOURCE_ROOT; };
		067A9C9C18384002005D90EF /* EXPUnsupportedObject.h */ = {isa = PBXFileReference; fileEncoding = 4; lastKnownFileType = sourcecode.c.h; name = EXPUnsupportedObject.h; path = ../Common/Expecta/EXPUnsupportedObject.h; sourceTree = SOURCE_ROOT; };
		067A9C9D18384002005D90EF /* libExpecta.a */ = {isa = PBXFileReference; lastKnownFileType = archive.ar; name = libExpecta.a; path = ../Common/Expecta/libExpecta.a; sourceTree = SOURCE_ROOT; };
		067A9C9E18384002005D90EF /* NSObject+Expecta.h */ = {isa = PBXFileReference; fileEncoding = 4; lastKnownFileType = sourcecode.c.h; name = "NSObject+Expecta.h"; path = "../Common/Expecta/NSObject+Expecta.h"; sourceTree = SOURCE_ROOT; };
		067A9C9F18384002005D90EF /* NSValue+Expecta.h */ = {isa = PBXFileReference; fileEncoding = 4; lastKnownFileType = sourcecode.c.h; name = "NSValue+Expecta.h"; path = "../Common/Expecta/NSValue+Expecta.h"; sourceTree = SOURCE_ROOT; };
		068A86DE182D6F77003E03C5 /* LatticeLineExtractor.h */ = {isa = PBXFileReference; fileEncoding = 4; lastKnownFileType = sourcecode.c.h; path = LatticeLineExtractor.h; sourceTree = "<group>"; };
		068A86DF182D6F77003E03C5 /* LatticeLineExtractor.m */ = {isa = PBXFileReference; fileEncoding = 4; lastKnownFileType = sourcecode.c.objc; path = LatticeLineExtractor.m; sourceTree = "<group>"; };
		068B791C183D6E7200557CB5 /* AlgoTests.m */ = {isa = PBXFileReference; fileEncoding = 4; lastKnownFileType = sourcecode.c.objc; path = AlgoTests.m; sourceTree = "<group>"; };
		068B791D183D6E7200557CB5 /* CocoaGCDTestsTests.m */ = {isa = PBXFileReference; fileEncoding = 4; lastKnownFileType = sourcecode.c.objc; path = CocoaGCDTestsTests.m; sourceTree = "<group>"; };
		068B791E183D6E7200557CB5 /* PatternTests.m */ = {isa = PBXFileReference; fileEncoding = 4; lastKnownFileType = sourcecode.c.objc; path = PatternTests.m; sourceTree = "<group>"; };
		068B7929183D954F00557CB5 /* wordlist.wdl */ = {isa = PBXFileReference; fileEncoding = 4; lastKnownFileType = text; path = wordlist.wdl; sourceTree = "<group>"; };
		0690D94B18280FD1000E8165 /* PatternMatcherBase.h */ = {isa = PBXFileReference; fileEncoding = 4; lastKnownFileType = sourcecode.c.h; path = PatternMatcherBase.h; sourceTree = "<group>"; };
		0690D94C18280FD1000E8165 /* PatternMatcherBase.m */ = {isa = PBXFileReference; fileEncoding = 4; lastKnownFileType = sourcecode.c.objc; path = PatternMatcherBase.m; sourceTree = "<group>"; };
		0690D95218283608000E8165 /* DDAbstractDatabaseLogger.h */ = {isa = PBXFileReference; fileEncoding = 4; lastKnownFileType = sourcecode.c.h; path = DDAbstractDatabaseLogger.h; sourceTree = "<group>"; };
		0690D95318283608000E8165 /* DDAbstractDatabaseLogger.m */ = {isa = PBXFileReference; fileEncoding = 4; lastKnownFileType = sourcecode.c.objc; path = DDAbstractDatabaseLogger.m; sourceTree = "<group>"; };
		0690D95418283608000E8165 /* DDASLLogger.h */ = {isa = PBXFileReference; fileEncoding = 4; lastKnownFileType = sourcecode.c.h; path = DDASLLogger.h; sourceTree = "<group>"; };
		0690D95518283608000E8165 /* DDASLLogger.m */ = {isa = PBXFileReference; fileEncoding = 4; lastKnownFileType = sourcecode.c.objc; path = DDASLLogger.m; sourceTree = "<group>"; };
		0690D95618283608000E8165 /* DDFileLogger.h */ = {isa = PBXFileReference; fileEncoding = 4; lastKnownFileType = sourcecode.c.h; path = DDFileLogger.h; sourceTree = "<group>"; };
		0690D95718283608000E8165 /* DDFileLogger.m */ = {isa = PBXFileReference; fileEncoding = 4; lastKnownFileType = sourcecode.c.objc; path = DDFileLogger.m; sourceTree = "<group>"; };
		0690D95818283608000E8165 /* DDLog.h */ = {isa = PBXFileReference; fileEncoding = 4; lastKnownFileType = sourcecode.c.h; path = DDLog.h; sourceTree = "<group>"; };
		0690D95918283608000E8165 /* DDLog.m */ = {isa = PBXFileReference; fileEncoding = 4; lastKnownFileType = sourcecode.c.objc; path = DDLog.m; sourceTree = "<group>"; };
		0690D95A18283608000E8165 /* DDTTYLogger.h */ = {isa = PBXFileReference; fileEncoding = 4; lastKnownFileType = sourcecode.c.h; path = DDTTYLogger.h; sourceTree = "<group>"; };
		0690D95B18283608000E8165 /* DDTTYLogger.m */ = {isa = PBXFileReference; fileEncoding = 4; lastKnownFileType = sourcecode.c.objc; path = DDTTYLogger.m; sourceTree = "<group>"; };
		0690D96618283619000E8165 /* Definitions.h */ = {isa = PBXFileReference; fileEncoding = 4; lastKnownFileType = sourcecode.c.h; path = Definitions.h; sourceTree = "<group>"; };
		069910101821C3FE00290809 /* CocoaGCD.app */ = {isa = PBXFileReference; explicitFileType = wrapper.application; includeInIndex = 0; path = CocoaGCD.app; sourceTree = BUILT_PRODUCTS_DIR; };
		069910131821C3FE00290809 /* Cocoa.framework */ = {isa = PBXFileReference; lastKnownFileType = wrapper.framework; name = Cocoa.framework; path = System/Library/Frameworks/Cocoa.framework; sourceTree = SDKROOT; };
		069910161821C3FE00290809 /* AppKit.framework */ = {isa = PBXFileReference; lastKnownFileType = wrapper.framework; name = AppKit.framework; path = System/Library/Frameworks/AppKit.framework; sourceTree = SDKROOT; };
		069910171821C3FE00290809 /* CoreData.framework */ = {isa = PBXFileReference; lastKnownFileType = wrapper.framework; name = CoreData.framework; path = System/Library/Frameworks/CoreData.framework; sourceTree = SDKROOT; };
		069910181821C3FE00290809 /* Foundation.framework */ = {isa = PBXFileReference; lastKnownFileType = wrapper.framework; name = Foundation.framework; path = System/Library/Frameworks/Foundation.framework; sourceTree = SDKROOT; };
		0699101B1821C3FE00290809 /* CocoaGCDTests-Info.plist */ = {isa = PBXFileReference; lastKnownFileType = text.plist.xml; path = "CocoaGCDTests-Info.plist"; sourceTree = "<group>"; };
		0699101D1821C3FE00290809 /* en */ = {isa = PBXFileReference; lastKnownFileType = text.plist.strings; name = en; path = en.lproj/InfoPlist.strings; sourceTree = "<group>"; };
		0699101F1821C3FE00290809 /* main.m */ = {isa = PBXFileReference; lastKnownFileType = sourcecode.c.objc; path = main.m; sourceTree = "<group>"; };
		069910211821C3FE00290809 /* CocoaGCDTests-Prefix.pch */ = {isa = PBXFileReference; lastKnownFileType = sourcecode.c.h; path = "CocoaGCDTests-Prefix.pch"; sourceTree = "<group>"; };
		069910231821C3FE00290809 /* en */ = {isa = PBXFileReference; lastKnownFileType = text.rtf; name = en; path = en.lproj/Credits.rtf; sourceTree = "<group>"; };
		069910251821C3FE00290809 /* AppDelegate.h */ = {isa = PBXFileReference; lastKnownFileType = sourcecode.c.h; path = AppDelegate.h; sourceTree = "<group>"; };
		069910261821C3FE00290809 /* AppDelegate.m */ = {isa = PBXFileReference; lastKnownFileType = sourcecode.c.objc; path = AppDelegate.m; sourceTree = "<group>"; };
		069910291821C3FE00290809 /* Base */ = {isa = PBXFileReference; lastKnownFileType = file.xib; name = Base; path = Base.lproj/MainMenu.xib; sourceTree = "<group>"; };
		0699102B1821C3FE00290809 /* Images.xcassets */ = {isa = PBXFileReference; lastKnownFileType = folder.assetcatalog; path = Images.xcassets; sourceTree = "<group>"; };
		069910321821C3FE00290809 /* XCTest.framework */ = {isa = PBXFileReference; lastKnownFileType = wrapper.framework; name = XCTest.framework; path = Library/Frameworks/XCTest.framework; sourceTree = DEVELOPER_DIR; };
		069910471821C41000290809 /* PatternMatcherSequential.h */ = {isa = PBXFileReference; fileEncoding = 4; lastKnownFileType = sourcecode.c.h; path = PatternMatcherSequential.h; sourceTree = "<group>"; };
		069910481821C41000290809 /* PatternMatcherSequential.m */ = {isa = PBXFileReference; fileEncoding = 4; lastKnownFileType = sourcecode.c.objc; path = PatternMatcherSequential.m; sourceTree = "<group>"; };
		06A9AAC2182AA3590066EE5B /* PatternMatcherGCD.h */ = {isa = PBXFileReference; fileEncoding = 4; lastKnownFileType = sourcecode.c.h; path = PatternMatcherGCD.h; sourceTree = "<group>"; };
		06A9AAC3182AA3590066EE5B /* PatternMatcherGCD.m */ = {isa = PBXFileReference; fileEncoding = 4; lastKnownFileType = sourcecode.c.objc; path = PatternMatcherGCD.m; sourceTree = "<group>"; };
		06A9AAC8182AC8810066EE5B /* Util.h */ = {isa = PBXFileReference; fileEncoding = 4; lastKnownFileType = sourcecode.c.h; path = Util.h; sourceTree = "<group>"; };
		06A9AAC9182AC8810066EE5B /* Util.m */ = {isa = PBXFileReference; fileEncoding = 4; lastKnownFileType = sourcecode.c.objc; path = Util.m; sourceTree = "<group>"; };
		06BECBF2185768B0006E5A50 /* TestCaseMatcherCommon.h */ = {isa = PBXFileReference; fileEncoding = 4; lastKnownFileType = sourcecode.c.h; path = TestCaseMatcherCommon.h; sourceTree = "<group>"; };
		06BECBF3185768B0006E5A50 /* TestCaseMatcherCommon.m */ = {isa = PBXFileReference; fileEncoding = 4; lastKnownFileType = sourcecode.c.objc; path = TestCaseMatcherCommon.m; sourceTree = "<group>"; };
		06D5DFBA183588DE00A7D320 /* GCDRunTesting.xctest */ = {isa = PBXFileReference; explicitFileType = wrapper.cfbundle; includeInIndex = 0; path = GCDRunTesting.xctest; sourceTree = BUILT_PRODUCTS_DIR; };
		06D5DFBE183588DE00A7D320 /* GCDRunTesting-Info.plist */ = {isa = PBXFileReference; lastKnownFileType = text.plist.xml; path = "GCDRunTesting-Info.plist"; sourceTree = "<group>"; };
		06D5DFC0183588DE00A7D320 /* en */ = {isa = PBXFileReference; lastKnownFileType = text.plist.strings; name = en; path = en.lproj/InfoPlist.strings; sourceTree = "<group>"; };
		06D5DFC2183588DE00A7D320 /* PatternTestsGCDType2.m */ = {isa = PBXFileReference; lastKnownFileType = sourcecode.c.objc; path = PatternTestsGCDType2.m; sourceTree = "<group>"; };
		06D5DFC4183588DE00A7D320 /* GCDRunTesting-Prefix.pch */ = {isa = PBXFileReference; lastKnownFileType = sourcecode.c.h; path = "GCDRunTesting-Prefix.pch"; sourceTree = "<group>"; };
		06D5DFCE18358F7200A7D320 /* CSAdditions.h */ = {isa = PBXFileReference; fileEncoding = 4; lastKnownFileType = sourcecode.c.h; path = CSAdditions.h; sourceTree = "<group>"; };
		06D5DFCF18358F7200A7D320 /* CSAdditions.m */ = {isa = PBXFileReference; fileEncoding = 4; lastKnownFileType = sourcecode.c.objc; path = CSAdditions.m; sourceTree = "<group>"; };
		06E0F2AC182CEF3100227AC2 /* LatticeCreator.xcodeproj */ = {isa = PBXFileReference; lastKnownFileType = "wrapper.pb-project"; name = LatticeCreator.xcodeproj; path = ../LatticeCreator/LatticeCreator.xcodeproj; sourceTree = "<group>"; };
/* End PBXFileReference section */

/* Begin PBXFrameworksBuildPhase section */
		0699100D1821C3FE00290809 /* Frameworks */ = {
			isa = PBXFrameworksBuildPhase;
			buildActionMask = 2147483647;
			files = (
				069910141821C3FE00290809 /* Cocoa.framework in Frameworks */,
				06D5DFB51835878800A7D320 /* CSMatrixFramework.framework in Frameworks */,
			);
			runOnlyForDeploymentPostprocessing = 0;
		};
		06D5DFB7183588DE00A7D320 /* Frameworks */ = {
			isa = PBXFrameworksBuildPhase;
			buildActionMask = 2147483647;
			files = (
				06D5DFCD1835891700A7D320 /* CSMatrixFramework.framework in Frameworks */,
				06D5DFBB183588DE00A7D320 /* XCTest.framework in Frameworks */,
				067A9CA018384002005D90EF /* libExpecta.a in Frameworks */,
			);
			runOnlyForDeploymentPostprocessing = 0;
		};
/* End PBXFrameworksBuildPhase section */

/* Begin PBXGroup section */
		060D2E3118511947005E3597 /* External */ = {
			isa = PBXGroup;
			children = (
				067A9C7B18383FF5005D90EF /* Expecta */,
				06030082184412090056979F /* TRVSMonitor.h */,
				06030083184412090056979F /* TRVSMonitor.m */,
			);
			name = External;
			sourceTree = "<group>";
		};
		060D2E3618512FD8005E3597 /* Common */ = {
			isa = PBXGroup;
			children = (
				060D2E3318512FD2005E3597 /* TestCaseCommon.h */,
				060D2E3418512FD2005E3597 /* TestCaseCommon.m */,
				06BECBF2185768B0006E5A50 /* TestCaseMatcherCommon.h */,
				06BECBF3185768B0006E5A50 /* TestCaseMatcherCommon.m */,
			);
			name = Common;
			sourceTree = "<group>";
		};
		067A9C6A1837B301005D90EF /* UI */ = {
			isa = PBXGroup;
			children = (
				069910281821C3FE00290809 /* MainMenu.xib */,
				067A9C6E1837B6AE005D90EF /* MasterViewController.h */,
				067A9C6F1837B6AE005D90EF /* MasterViewController.m */,
				067A9C701837B6AE005D90EF /* MasterViewController.xib */,
			);
			name = UI;
			sourceTree = "<group>";
		};
		067A9C7618381FE5005D90EF /* Base Components */ = {
			isa = PBXGroup;
			children = (
				0690D94B18280FD1000E8165 /* PatternMatcherBase.h */,
				0690D94C18280FD1000E8165 /* PatternMatcherBase.m */,
				067A9C731838165A005D90EF /* PatternMatcherAsynchronous.h */,
				067A9C741838165A005D90EF /* PatternMatcherAsynchronous.m */,
				06586F461852694200C18997 /* LatticeLineExtractorProtocol.h */,
				068A86DE182D6F77003E03C5 /* LatticeLineExtractor.h */,
				068A86DF182D6F77003E03C5 /* LatticeLineExtractor.m */,
				06586F4918526D0600C18997 /* LatticeLineExtractorSmart.h */,
				06586F4A18526D0600C18997 /* LatticeLineExtractorSmart.m */,
			);
			name = "Base Components";
			sourceTree = "<group>";
		};
		067A9C7718381FF0005D90EF /* Actual Matchers */ = {
			isa = PBXGroup;
			children = (
				069910471821C41000290809 /* PatternMatcherSequential.h */,
				069910481821C41000290809 /* PatternMatcherSequential.m */,
				06A9AAC2182AA3590066EE5B /* PatternMatcherGCD.h */,
				06A9AAC3182AA3590066EE5B /* PatternMatcherGCD.m */,
				067A9C7818382030005D90EF /* PatternMatcherGCD2.h */,
				067A9C7918382030005D90EF /* PatternMatcherGCD2.m */,
			);
			name = "Actual Matchers";
			sourceTree = "<group>";
		};
		067A9C7B18383FF5005D90EF /* Expecta */ = {
			isa = PBXGroup;
			children = (
				067A9C7C18384002005D90EF /* EXPBackwardCompatibility.h */,
				067A9C7D18384002005D90EF /* EXPBlockDefinedMatcher.h */,
				067A9C7E18384002005D90EF /* EXPDefines.h */,
				067A9C7F18384002005D90EF /* EXPDoubleTuple.h */,
				067A9C8018384002005D90EF /* Expecta.h */,
				067A9C8118384002005D90EF /* ExpectaSupport.h */,
				067A9C8218384002005D90EF /* EXPExpect.h */,
				067A9C8318384002005D90EF /* EXPFloatTuple.h */,
				067A9C8418384002005D90EF /* EXPMatcher.h */,
				067A9C8518384002005D90EF /* EXPMatcherHelpers.h */,
				067A9C8618384002005D90EF /* EXPMatchers.h */,
				067A9C8718384002005D90EF /* EXPMatchers+beCloseTo.h */,
				067A9C8818384002005D90EF /* EXPMatchers+beFalsy.h */,
				067A9C8918384002005D90EF /* EXPMatchers+beGreaterThan.h */,
				067A9C8A18384002005D90EF /* EXPMatchers+beGreaterThanOrEqualTo.h */,
				067A9C8B18384002005D90EF /* EXPMatchers+beIdenticalTo.h */,
				067A9C8C18384002005D90EF /* EXPMatchers+beInstanceOf.h */,
				067A9C8D18384002005D90EF /* EXPMatchers+beInTheRangeOf.h */,
				067A9C8E18384002005D90EF /* EXPMatchers+beKindOf.h */,
				067A9C8F18384002005D90EF /* EXPMatchers+beLessThan.h */,
				067A9C9018384002005D90EF /* EXPMatchers+beLessThanOrEqualTo.h */,
				067A9C9118384002005D90EF /* EXPMatchers+beNil.h */,
				067A9C9218384002005D90EF /* EXPMatchers+beSubclassOf.h */,
				067A9C9318384002005D90EF /* EXPMatchers+beSupersetOf.h */,
				067A9C9418384002005D90EF /* EXPMatchers+beTruthy.h */,
				067A9C9518384002005D90EF /* EXPMatchers+conformTo.h */,
				067A9C9618384002005D90EF /* EXPMatchers+contain.h */,
				067A9C9718384002005D90EF /* EXPMatchers+equal.h */,
				067A9C9818384002005D90EF /* EXPMatchers+haveCountOf.h */,
				067A9C9918384002005D90EF /* EXPMatchers+raise.h */,
				067A9C9A18384002005D90EF /* EXPMatchers+raiseWithReason.h */,
				067A9C9B18384002005D90EF /* EXPMatchers+respondTo.h */,
				067A9C9C18384002005D90EF /* EXPUnsupportedObject.h */,
				067A9C9D18384002005D90EF /* libExpecta.a */,
				067A9C9E18384002005D90EF /* NSObject+Expecta.h */,
				067A9C9F18384002005D90EF /* NSValue+Expecta.h */,
			);
			name = Expecta;
			path = ../CocoaGCDTestsTests;
			sourceTree = "<group>";
		};
		0690D951182835F7000E8165 /* External */ = {
			isa = PBXGroup;
			children = (
				0690D95218283608000E8165 /* DDAbstractDatabaseLogger.h */,
				0690D95318283608000E8165 /* DDAbstractDatabaseLogger.m */,
				0690D95418283608000E8165 /* DDASLLogger.h */,
				0690D95518283608000E8165 /* DDASLLogger.m */,
				0690D95618283608000E8165 /* DDFileLogger.h */,
				0690D95718283608000E8165 /* DDFileLogger.m */,
				0690D95818283608000E8165 /* DDLog.h */,
				0690D95918283608000E8165 /* DDLog.m */,
				0690D95A18283608000E8165 /* DDTTYLogger.h */,
				0690D95B18283608000E8165 /* DDTTYLogger.m */,
			);
			name = External;
			sourceTree = "<group>";
		};
		069910071821C3FE00290809 = {
			isa = PBXGroup;
			children = (
				069910191821C3FE00290809 /* Cocoa GCD Project */,
				06D5DFBC183588DE00A7D320 /* TESTS */,
				069910121821C3FE00290809 /* Frameworks */,
				069910111821C3FE00290809 /* Products */,
			);
			sourceTree = "<group>";
		};
		069910111821C3FE00290809 /* Products */ = {
			isa = PBXGroup;
			children = (
				069910101821C3FE00290809 /* CocoaGCD.app */,
				06D5DFBA183588DE00A7D320 /* GCDRunTesting.xctest */,
			);
			name = Products;
			sourceTree = "<group>";
		};
		069910121821C3FE00290809 /* Frameworks */ = {
			isa = PBXGroup;
			children = (
				06E0F2AC182CEF3100227AC2 /* LatticeCreator.xcodeproj */,
				069910131821C3FE00290809 /* Cocoa.framework */,
				069910321821C3FE00290809 /* XCTest.framework */,
				069910151821C3FE00290809 /* Other Frameworks */,
			);
			name = Frameworks;
			sourceTree = "<group>";
		};
		069910151821C3FE00290809 /* Other Frameworks */ = {
			isa = PBXGroup;
			children = (
				069910161821C3FE00290809 /* AppKit.framework */,
				069910171821C3FE00290809 /* CoreData.framework */,
				069910181821C3FE00290809 /* Foundation.framework */,
			);
			name = "Other Frameworks";
			sourceTree = "<group>";
		};
		069910191821C3FE00290809 /* Cocoa GCD Project */ = {
			isa = PBXGroup;
			children = (
				0690D96618283619000E8165 /* Definitions.h */,
				06A9AAC7182AC8730066EE5B /* Helpers */,
				06A9AAC1182AA26F0066EE5B /* Pattern Matchers */,
				069910251821C3FE00290809 /* AppDelegate.h */,
				069910261821C3FE00290809 /* AppDelegate.m */,
				067A9C6A1837B301005D90EF /* UI */,
				0699102B1821C3FE00290809 /* Images.xcassets */,
				0699101A1821C3FE00290809 /* Supporting Files */,
				0690D951182835F7000E8165 /* External */,
			);
			name = "Cocoa GCD Project";
			path = CocoaGCDTests;
			sourceTree = "<group>";
		};
		0699101A1821C3FE00290809 /* Supporting Files */ = {
			isa = PBXGroup;
			children = (
				06535480184A497A00340BCE /* cube.desc */,
				068B7929183D954F00557CB5 /* wordlist.wdl */,
				0699101B1821C3FE00290809 /* CocoaGCDTests-Info.plist */,
				0699101C1821C3FE00290809 /* InfoPlist.strings */,
				0699101F1821C3FE00290809 /* main.m */,
				069910211821C3FE00290809 /* CocoaGCDTests-Prefix.pch */,
				069910221821C3FE00290809 /* Credits.rtf */,
			);
			name = "Supporting Files";
			sourceTree = "<group>";
		};
		06A9AAC1182AA26F0066EE5B /* Pattern Matchers */ = {
			isa = PBXGroup;
			children = (
				067A9C7618381FE5005D90EF /* Base Components */,
				067A9C7718381FF0005D90EF /* Actual Matchers */,
			);
			name = "Pattern Matchers";
			sourceTree = "<group>";
		};
		06A9AAC7182AC8730066EE5B /* Helpers */ = {
			isa = PBXGroup;
			children = (
				060D2E2B18511079005E3597 /* UtilityInitializer.h */,
				060D2E2C18511079005E3597 /* UtilityInitializer.m */,
				06A9AAC8182AC8810066EE5B /* Util.h */,
				06A9AAC9182AC8810066EE5B /* Util.m */,
				06D5DFCE18358F7200A7D320 /* CSAdditions.h */,
				06D5DFCF18358F7200A7D320 /* CSAdditions.m */,
			);
			name = Helpers;
			sourceTree = "<group>";
		};
		06BECBEF18576705006E5A50 /* wordlists */ = {
			isa = PBXGroup;
			children = (
				0603007C18440DE20056979F /* testWords.wdl */,
				06586F4C185291B600C18997 /* WordListBig.wdl */,
			);
			name = wordlists;
			sourceTree = "<group>";
		};
		06D5DFBC183588DE00A7D320 /* TESTS */ = {
			isa = PBXGroup;
			children = (
				060D2E3118511947005E3597 /* External */,
				060D2E3618512FD8005E3597 /* Common */,
				068B791C183D6E7200557CB5 /* AlgoTests.m */,
				068B791D183D6E7200557CB5 /* CocoaGCDTestsTests.m */,
				068B791E183D6E7200557CB5 /* PatternTests.m */,
				060D2E3A1851352F005E3597 /* PatternTestsSequential.m */,
				060D2E3C185135A5005E3597 /* PatternTestsGCDType1.m */,
				06D5DFC2183588DE00A7D320 /* PatternTestsGCDType2.m */,
				06D5DFBD183588DE00A7D320 /* Supporting Files */,
			);
			name = TESTS;
			path = GCDRunTesting;
			sourceTree = "<group>";
		};
		06D5DFBD183588DE00A7D320 /* Supporting Files */ = {
			isa = PBXGroup;
			children = (
				06BECBEF18576705006E5A50 /* wordlists */,
				06D5DFBE183588DE00A7D320 /* GCDRunTesting-Info.plist */,
				06D5DFBF183588DE00A7D320 /* InfoPlist.strings */,
				06D5DFC4183588DE00A7D320 /* GCDRunTesting-Prefix.pch */,
			);
			name = "Supporting Files";
			sourceTree = "<group>";
		};
		06E0F2AD182CEF3100227AC2 /* Products */ = {
			isa = PBXGroup;
			children = (
				06E0F2B3182CEF3100227AC2 /* LatticeCreator */,
				06E0F2B5182CEF3100227AC2 /* CSMatrixFramework.framework */,
				06E0F2B7182CEF3100227AC2 /* CSMatrixFrameworkTests.xctest */,
			);
			name = Products;
			sourceTree = "<group>";
		};
/* End PBXGroup section */

/* Begin PBXNativeTarget section */
		0699100F1821C3FE00290809 /* CocoaGCD */ = {
			isa = PBXNativeTarget;
			buildConfigurationList = 069910411821C3FE00290809 /* Build configuration list for PBXNativeTarget "CocoaGCD" */;
			buildPhases = (
				0699100C1821C3FE00290809 /* Sources */,
				0699100D1821C3FE00290809 /* Frameworks */,
				0699100E1821C3FE00290809 /* Resources */,
				0682C49C182707EF00F6D5F4 /* CopyFiles */,
				068B792B183D961100557CB5 /* CopyFiles */,
			);
			buildRules = (
			);
			dependencies = (
				06D5DFB41835878100A7D320 /* PBXTargetDependency */,
			);
			name = CocoaGCD;
			productName = CocoaGCDTests;
			productReference = 069910101821C3FE00290809 /* CocoaGCD.app */;
			productType = "com.apple.product-type.application";
		};
		06D5DFB9183588DE00A7D320 /* GCDRunTesting */ = {
			isa = PBXNativeTarget;
			buildConfigurationList = 06D5DFC7183588DE00A7D320 /* Build configuration list for PBXNativeTarget "GCDRunTesting" */;
			buildPhases = (
				06D5DFB6183588DE00A7D320 /* Sources */,
				06D5DFB7183588DE00A7D320 /* Frameworks */,
				06D5DFB8183588DE00A7D320 /* Resources */,
			);
			buildRules = (
			);
			dependencies = (
				06D5DFC6183588DE00A7D320 /* PBXTargetDependency */,
			);
			name = GCDRunTesting;
			productName = GCDRunTesting;
			productReference = 06D5DFBA183588DE00A7D320 /* GCDRunTesting.xctest */;
			productType = "com.apple.product-type.bundle.unit-test";
		};
/* End PBXNativeTarget section */

/* Begin PBXProject section */
		069910081821C3FE00290809 /* Project object */ = {
			isa = PBXProject;
			attributes = {
				LastUpgradeCheck = 0500;
				ORGANIZATIONNAME = Oramind;
				TargetAttributes = {
					06D5DFB9183588DE00A7D320 = {
						TestTargetID = 0699100F1821C3FE00290809;
					};
				};
			};
			buildConfigurationList = 0699100B1821C3FE00290809 /* Build configuration list for PBXProject "CocoaGCDTests" */;
			compatibilityVersion = "Xcode 3.2";
			developmentRegion = English;
			hasScannedForEncodings = 0;
			knownRegions = (
				en,
				Base,
			);
			mainGroup = 069910071821C3FE00290809;
			productRefGroup = 069910111821C3FE00290809 /* Products */;
			projectDirPath = "";
			projectReferences = (
				{
					ProductGroup = 06E0F2AD182CEF3100227AC2 /* Products */;
					ProjectRef = 06E0F2AC182CEF3100227AC2 /* LatticeCreator.xcodeproj */;
				},
			);
			projectRoot = "";
			targets = (
				0699100F1821C3FE00290809 /* CocoaGCD */,
				06D5DFB9183588DE00A7D320 /* GCDRunTesting */,
			);
		};
/* End PBXProject section */

/* Begin PBXReferenceProxy section */
		06E0F2B3182CEF3100227AC2 /* LatticeCreator */ = {
			isa = PBXReferenceProxy;
			fileType = "compiled.mach-o.executable";
			path = LatticeCreator;
			remoteRef = 06E0F2B2182CEF3100227AC2 /* PBXContainerItemProxy */;
			sourceTree = BUILT_PRODUCTS_DIR;
		};
		06E0F2B5182CEF3100227AC2 /* CSMatrixFramework.framework */ = {
			isa = PBXReferenceProxy;
			fileType = wrapper.framework;
			path = CSMatrixFramework.framework;
			remoteRef = 06E0F2B4182CEF3100227AC2 /* PBXContainerItemProxy */;
			sourceTree = BUILT_PRODUCTS_DIR;
		};
		06E0F2B7182CEF3100227AC2 /* CSMatrixFrameworkTests.xctest */ = {
			isa = PBXReferenceProxy;
			fileType = wrapper.cfbundle;
			path = CSMatrixFrameworkTests.xctest;
			remoteRef = 06E0F2B6182CEF3100227AC2 /* PBXContainerItemProxy */;
			sourceTree = BUILT_PRODUCTS_DIR;
		};
/* End PBXReferenceProxy section */

/* Begin PBXResourcesBuildPhase section */
		0699100E1821C3FE00290809 /* Resources */ = {
			isa = PBXResourcesBuildPhase;
			buildActionMask = 2147483647;
			files = (
				06535481184A497A00340BCE /* cube.desc in Resources */,
				068B792A183D954F00557CB5 /* wordlist.wdl in Resources */,
				067A9C721837B6AE005D90EF /* MasterViewController.xib in Resources */,
				0699101E1821C3FE00290809 /* InfoPlist.strings in Resources */,
				0699102C1821C3FE00290809 /* Images.xcassets in Resources */,
				069910241821C3FE00290809 /* Credits.rtf in Resources */,
				0699102A1821C3FE00290809 /* MainMenu.xib in Resources */,
			);
			runOnlyForDeploymentPostprocessing = 0;
		};
		06D5DFB8183588DE00A7D320 /* Resources */ = {
			isa = PBXResourcesBuildPhase;
			buildActionMask = 2147483647;
			files = (
				06D5DFC1183588DE00A7D320 /* InfoPlist.strings in Resources */,
				0603007D18440DE20056979F /* testWords.wdl in Resources */,
				06586F4E185291D000C18997 /* WordListBig.wdl in Resources */,
			);
			runOnlyForDeploymentPostprocessing = 0;
		};
/* End PBXResourcesBuildPhase section */

/* Begin PBXSourcesBuildPhase section */
		0699100C1821C3FE00290809 /* Sources */ = {
			isa = PBXSourcesBuildPhase;
			buildActionMask = 2147483647;
			files = (
				0690D94D18280FD1000E8165 /* PatternMatcherBase.m in Sources */,
				06586F4B18526D0600C18997 /* LatticeLineExtractorSmart.m in Sources */,
				067A9C7A18382030005D90EF /* PatternMatcherGCD2.m in Sources */,
				069910271821C3FE00290809 /* AppDelegate.m in Sources */,
				0690D95E18283608000E8165 /* DDASLLogger.m in Sources */,
				0690D96418283608000E8165 /* DDTTYLogger.m in Sources */,
				06A9AAC4182AA3590066EE5B /* PatternMatcherGCD.m in Sources */,
				0690D96018283608000E8165 /* DDFileLogger.m in Sources */,
				067A9C711837B6AE005D90EF /* MasterViewController.m in Sources */,
				0690D96218283608000E8165 /* DDLog.m in Sources */,
				0699104B1821C41000290809 /* PatternMatcherSequential.m in Sources */,
				06A9AACA182AC8810066EE5B /* Util.m in Sources */,
				067A9C751838165A005D90EF /* PatternMatcherAsynchronous.m in Sources */,
				06D5DFD018358F7200A7D320 /* CSAdditions.m in Sources */,
				069910201821C3FE00290809 /* main.m in Sources */,
				0690D95C18283608000E8165 /* DDAbstractDatabaseLogger.m in Sources */,
				060D2E3218512F1D005E3597 /* UtilityInitializer.m in Sources */,
				068A86E0182D6F77003E03C5 /* LatticeLineExtractor.m in Sources */,
			);
			runOnlyForDeploymentPostprocessing = 0;
		};
		06D5DFB6183588DE00A7D320 /* Sources */ = {
			isa = PBXSourcesBuildPhase;
			buildActionMask = 2147483647;
			files = (
				060D2E3B1851352F005E3597 /* PatternTestsSequential.m in Sources */,
				060D2E3518512FD2005E3597 /* TestCaseCommon.m in Sources */,
				068B7920183D6E7200557CB5 /* CocoaGCDTestsTests.m in Sources */,
				06BECBF4185768B0006E5A50 /* TestCaseMatcherCommon.m in Sources */,
				06D5DFD118358F7200A7D320 /* CSAdditions.m in Sources */,
				06030084184412090056979F /* TRVSMonitor.m in Sources */,
				060D2E3D185135A5005E3597 /* PatternTestsGCDType1.m in Sources */,
				06D5DFC3183588DE00A7D320 /* PatternTestsGCDType2.m in Sources */,
				068B791F183D6E7200557CB5 /* AlgoTests.m in Sources */,
				068B7921183D6E7200557CB5 /* PatternTests.m in Sources */,
			);
			runOnlyForDeploymentPostprocessing = 0;
		};
/* End PBXSourcesBuildPhase section */

/* Begin PBXTargetDependency section */
		06D5DFB41835878100A7D320 /* PBXTargetDependency */ = {
			isa = PBXTargetDependency;
			name = CSMatrixFramework;
			targetProxy = 06D5DFB31835878100A7D320 /* PBXContainerItemProxy */;
		};
		06D5DFC6183588DE00A7D320 /* PBXTargetDependency */ = {
			isa = PBXTargetDependency;
			target = 0699100F1821C3FE00290809 /* CocoaGCD */;
			targetProxy = 06D5DFC5183588DE00A7D320 /* PBXContainerItemProxy */;
		};
/* End PBXTargetDependency section */

/* Begin PBXVariantGroup section */
		0699101C1821C3FE00290809 /* InfoPlist.strings */ = {
			isa = PBXVariantGroup;
			children = (
				0699101D1821C3FE00290809 /* en */,
			);
			name = InfoPlist.strings;
			sourceTree = "<group>";
		};
		069910221821C3FE00290809 /* Credits.rtf */ = {
			isa = PBXVariantGroup;
			children = (
				069910231821C3FE00290809 /* en */,
			);
			name = Credits.rtf;
			sourceTree = "<group>";
		};
		069910281821C3FE00290809 /* MainMenu.xib */ = {
			isa = PBXVariantGroup;
			children = (
				069910291821C3FE00290809 /* Base */,
			);
			name = MainMenu.xib;
			sourceTree = "<group>";
		};
		06D5DFBF183588DE00A7D320 /* InfoPlist.strings */ = {
			isa = PBXVariantGroup;
			children = (
				06D5DFC0183588DE00A7D320 /* en */,
			);
			name = InfoPlist.strings;
			sourceTree = "<group>";
		};
/* End PBXVariantGroup section */

/* Begin XCBuildConfiguration section */
		0699103F1821C3FE00290809 /* Debug */ = {
			isa = XCBuildConfiguration;
			buildSettings = {
				ALWAYS_SEARCH_USER_PATHS = NO;
				CLANG_CXX_LANGUAGE_STANDARD = "gnu++0x";
				CLANG_CXX_LIBRARY = "libc++";
				CLANG_ENABLE_OBJC_ARC = YES;
				CLANG_WARN_BOOL_CONVERSION = YES;
				CLANG_WARN_CONSTANT_CONVERSION = YES;
				CLANG_WARN_DIRECT_OBJC_ISA_USAGE = YES_ERROR;
				CLANG_WARN_EMPTY_BODY = YES;
				CLANG_WARN_ENUM_CONVERSION = YES;
				CLANG_WARN_INT_CONVERSION = YES;
				CLANG_WARN_OBJC_ROOT_CLASS = YES_ERROR;
				CLANG_WARN__DUPLICATE_METHOD_MATCH = YES;
				COPY_PHASE_STRIP = NO;
				GCC_C_LANGUAGE_STANDARD = gnu99;
				GCC_DYNAMIC_NO_PIC = NO;
				GCC_ENABLE_OBJC_EXCEPTIONS = YES;
				GCC_OPTIMIZATION_LEVEL = 0;
				GCC_PREPROCESSOR_DEFINITIONS = (
					"DEBUG=1",
					"$(inherited)",
					DEBUG_LOGGING,
				);
				GCC_SYMBOLS_PRIVATE_EXTERN = NO;
				GCC_WARN_64_TO_32_BIT_CONVERSION = YES;
				GCC_WARN_ABOUT_RETURN_TYPE = YES_ERROR;
				GCC_WARN_UNDECLARED_SELECTOR = YES;
				GCC_WARN_UNINITIALIZED_AUTOS = YES;
				GCC_WARN_UNUSED_FUNCTION = YES;
				GCC_WARN_UNUSED_VARIABLE = YES;
				MACOSX_DEPLOYMENT_TARGET = 10.9;
				ONLY_ACTIVE_ARCH = YES;
				SDKROOT = macosx;
			};
			name = Debug;
		};
		069910401821C3FE00290809 /* Release */ = {
			isa = XCBuildConfiguration;
			buildSettings = {
				ALWAYS_SEARCH_USER_PATHS = NO;
				CLANG_CXX_LANGUAGE_STANDARD = "gnu++0x";
				CLANG_CXX_LIBRARY = "libc++";
				CLANG_ENABLE_OBJC_ARC = YES;
				CLANG_WARN_BOOL_CONVERSION = YES;
				CLANG_WARN_CONSTANT_CONVERSION = YES;
				CLANG_WARN_DIRECT_OBJC_ISA_USAGE = YES_ERROR;
				CLANG_WARN_EMPTY_BODY = YES;
				CLANG_WARN_ENUM_CONVERSION = YES;
				CLANG_WARN_INT_CONVERSION = YES;
				CLANG_WARN_OBJC_ROOT_CLASS = YES_ERROR;
				CLANG_WARN__DUPLICATE_METHOD_MATCH = YES;
				COPY_PHASE_STRIP = YES;
				DEBUG_INFORMATION_FORMAT = "dwarf-with-dsym";
				ENABLE_NS_ASSERTIONS = NO;
				GCC_C_LANGUAGE_STANDARD = gnu99;
				GCC_ENABLE_OBJC_EXCEPTIONS = YES;
				GCC_WARN_64_TO_32_BIT_CONVERSION = YES;
				GCC_WARN_ABOUT_RETURN_TYPE = YES_ERROR;
				GCC_WARN_UNDECLARED_SELECTOR = YES;
				GCC_WARN_UNINITIALIZED_AUTOS = YES;
				GCC_WARN_UNUSED_FUNCTION = YES;
				GCC_WARN_UNUSED_VARIABLE = YES;
				MACOSX_DEPLOYMENT_TARGET = 10.9;
				SDKROOT = macosx;
			};
			name = Release;
		};
		069910421821C3FE00290809 /* Debug */ = {
			isa = XCBuildConfiguration;
			buildSettings = {
				ASSETCATALOG_COMPILER_APPICON_NAME = AppIcon;
				COMBINE_HIDPI_IMAGES = YES;
				GCC_PRECOMPILE_PREFIX_HEADER = YES;
				GCC_PREFIX_HEADER = "CocoaGCDTests/CocoaGCDTests-Prefix.pch";
				INFOPLIST_FILE = "CocoaGCDTests/CocoaGCDTests-Info.plist";
				PRODUCT_NAME = "$(TARGET_NAME)";
				WRAPPER_EXTENSION = app;
			};
			name = Debug;
		};
		069910431821C3FE00290809 /* Release */ = {
			isa = XCBuildConfiguration;
			buildSettings = {
				ASSETCATALOG_COMPILER_APPICON_NAME = AppIcon;
				COMBINE_HIDPI_IMAGES = YES;
				GCC_PRECOMPILE_PREFIX_HEADER = YES;
				GCC_PREFIX_HEADER = "CocoaGCDTests/CocoaGCDTests-Prefix.pch";
				INFOPLIST_FILE = "CocoaGCDTests/CocoaGCDTests-Info.plist";
				PRODUCT_NAME = "$(TARGET_NAME)";
				WRAPPER_EXTENSION = app;
			};
			name = Release;
		};
		06D5DFC8183588DE00A7D320 /* Debug */ = {
			isa = XCBuildConfiguration;
			buildSettings = {
				BUNDLE_LOADER = "$(BUILT_PRODUCTS_DIR)/CocoaGCD.app/Contents/MacOS/CocoaGCD";
				FRAMEWORK_SEARCH_PATHS = (
					"$(DEVELOPER_FRAMEWORKS_DIR)",
					"$(inherited)",
				);
				GCC_PRECOMPILE_PREFIX_HEADER = YES;
				GCC_PREFIX_HEADER = "GCDRunTesting/GCDRunTesting-Prefix.pch";
				GCC_PREPROCESSOR_DEFINITIONS = (
					"DEBUG=1",
					"$(inherited)",
					DEBUG_LOGGING,
					TEST_LOGGING,
				);
				INFOPLIST_FILE = "GCDRunTesting/GCDRunTesting-Info.plist";
				LIBRARY_SEARCH_PATHS = "\"$(SRCROOT)/../Common/Expecta\"";
				OTHER_CFLAGS = "-DUSE_XCTEST";
				OTHER_CPLUSPLUSFLAGS = "$(OTHER_CFLAGS)";
				OTHER_LDFLAGS = (
					"$(inherited)",
					"-framework",
					XCTest,
					"-ObjC",
				);
				PRODUCT_NAME = "$(TARGET_NAME)";
				TEST_HOST = "$(BUNDLE_LOADER)";
				WRAPPER_EXTENSION = xctest;
			};
			name = Debug;
		};
		06D5DFC9183588DE00A7D320 /* Release */ = {
			isa = XCBuildConfiguration;
			buildSettings = {
				BUNDLE_LOADER = "$(BUILT_PRODUCTS_DIR)/CocoaGCD.app/Contents/MacOS/CocoaGCD";
				FRAMEWORK_SEARCH_PATHS = (
					"$(DEVELOPER_FRAMEWORKS_DIR)",
					"$(inherited)",
				);
				GCC_PRECOMPILE_PREFIX_HEADER = YES;
				GCC_PREFIX_HEADER = "GCDRunTesting/GCDRunTesting-Prefix.pch";
				INFOPLIST_FILE = "GCDRunTesting/GCDRunTesting-Info.plist";
				LIBRARY_SEARCH_PATHS = "\"$(SRCROOT)/../Common/Expecta\"";
				OTHER_CFLAGS = "-DUSE_XCTEST";
				OTHER_CPLUSPLUSFLAGS = "$(OTHER_CFLAGS)";
				OTHER_LDFLAGS = (
					"$(inherited)",
					"-framework",
					XCTest,
					"-ObjC",
				);
				PRODUCT_NAME = "$(TARGET_NAME)";
				TEST_HOST = "$(BUNDLE_LOADER)";
				WRAPPER_EXTENSION = xctest;
			};
			name = Release;
		};
/* End XCBuildConfiguration section */

/* Begin XCConfigurationList section */
		0699100B1821C3FE00290809 /* Build configuration list for PBXProject "CocoaGCDTests" */ = {
			isa = XCConfigurationList;
			buildConfigurations = (
				0699103F1821C3FE00290809 /* Debug */,
				069910401821C3FE00290809 /* Release */,
			);
			defaultConfigurationIsVisible = 0;
			defaultConfigurationName = Release;
		};
		069910411821C3FE00290809 /* Build configuration list for PBXNativeTarget "CocoaGCD" */ = {
			isa = XCConfigurationList;
			buildConfigurations = (
				069910421821C3FE00290809 /* Debug */,
				069910431821C3FE00290809 /* Release */,
			);
			defaultConfigurationIsVisible = 0;
			defaultConfigurationName = Release;
		};
		06D5DFC7183588DE00A7D320 /* Build configuration list for PBXNativeTarget "GCDRunTesting" */ = {
			isa = XCConfigurationList;
			buildConfigurations = (
				06D5DFC8183588DE00A7D320 /* Debug */,
				06D5DFC9183588DE00A7D320 /* Release */,
			);
			defaultConfigurationIsVisible = 0;
			defaultConfigurationName = Release;
		};
/* End XCConfigurationList section */
	};
	rootObject = 069910081821C3FE00290809 /* Project object */;
}
